
Microsoft Visual Studio Solution File, Format Version 12.00
# Visual Studio Version 17
VisualStudioVersion = 17.12.35527.113
MinimumVisualStudioVersion = 10.0.40219.1
Project("{FAE04EC0-301F-11D3-BF4B-00C04F79EFBC}") = "WebAPI", "WebAPI\WebAPI.csproj", "{9AE7F5D3-5DBE-421D-9323-3530B26F3F09}"
EndProject
Project("{FAE04EC0-301F-11D3-BF4B-00C04F79EFBC}") = "IancauMaria_Lab11", "IancauMaria_Lab11\IancauMaria_Lab11.csproj", "{332BB9DB-0854-46ED-975A-4033CB425A67}"
EndProject
Global
	GlobalSection(SolutionConfigurationPlatforms) = preSolution
		Debug|Any CPU = Debug|Any CPU
		Release|Any CPU = Release|Any CPU
	EndGlobalSection
	GlobalSection(ProjectConfigurationPlatforms) = postSolution
		{9AE7F5D3-5DBE-421D-9323-3530B26F3F09}.Debug|Any CPU.ActiveCfg = Debug|Any CPU
		{9AE7F5D3-5DBE-421D-9323-3530B26F3F09}.Debug|Any CPU.Build.0 = Debug|Any CPU
		{9AE7F5D3-5DBE-421D-9323-3530B26F3F09}.Release|Any CPU.ActiveCfg = Release|Any CPU
		{9AE7F5D3-5DBE-421D-9323-3530B26F3F09}.Release|Any CPU.Build.0 = Release|Any CPU
		{332BB9DB-0854-46ED-975A-4033CB425A67}.Debug|Any CPU.ActiveCfg = Debug|Any CPU
		{332BB9DB-0854-46ED-975A-4033CB425A67}.Debug|Any CPU.Build.0 = Debug|Any CPU
		{332BB9DB-0854-46ED-975A-4033CB425A67}.Debug|Any CPU.Deploy.0 = Debug|Any CPU
		{332BB9DB-0854-46ED-975A-4033CB425A67}.Release|Any CPU.ActiveCfg = Release|Any CPU
		{332BB9DB-0854-46ED-975A-4033CB425A67}.Release|Any CPU.Build.0 = Release|Any CPU
		{332BB9DB-0854-46ED-975A-4033CB425A67}.Release|Any CPU.Deploy.0 = Release|Any CPU
	EndGlobalSection
	GlobalSection(SolutionProperties) = preSolution
		HideSolutionNode = FALSE
	EndGlobalSection
EndGlobal
